
Microsoft Visual Studio Solution File, Format Version 12.00
# Visual Studio 15
VisualStudioVersion = 15.0.27428.2043
MinimumVisualStudioVersion = 10.0.40219.1
Project("{FAE04EC0-301F-11D3-BF4B-00C04F79EFBC}") = "API", "API\API.csproj", "{74D0D700-E210-4F37-9140-ED362AC3C9AD}"
EndProject
Project("{FAE04EC0-301F-11D3-BF4B-00C04F79EFBC}") = "Data", "Data\Data.csproj", "{39A2099C-B569-4663-AA3B-809344D642D5}"
EndProject
Project("{FAE04EC0-301F-11D3-BF4B-00C04F79EFBC}") = "Services", "Services\Services.csproj", "{18C64649-EA22-4671-AC45-9012B2E2061C}"
EndProject
Global
	GlobalSection(SolutionConfigurationPlatforms) = preSolution
		Debug|Any CPU = Debug|Any CPU
		Release|Any CPU = Release|Any CPU
	EndGlobalSection
	GlobalSection(ProjectConfigurationPlatforms) = postSolution
		{74D0D700-E210-4F37-9140-ED362AC3C9AD}.Debug|Any CPU.ActiveCfg = Debug|Any CPU
		{74D0D700-E210-4F37-9140-ED362AC3C9AD}.Debug|Any CPU.Build.0 = Debug|Any CPU
		{74D0D700-E210-4F37-9140-ED362AC3C9AD}.Release|Any CPU.ActiveCfg = Release|Any CPU
		{74D0D700-E210-4F37-9140-ED362AC3C9AD}.Release|Any CPU.Build.0 = Release|Any CPU
		{39A2099C-B569-4663-AA3B-809344D642D5}.Debug|Any CPU.ActiveCfg = Debug|Any CPU
		{39A2099C-B569-4663-AA3B-809344D642D5}.Debug|Any CPU.Build.0 = Debug|Any CPU
		{39A2099C-B569-4663-AA3B-809344D642D5}.Release|Any CPU.ActiveCfg = Release|Any CPU
		{39A2099C-B569-4663-AA3B-809344D642D5}.Release|Any CPU.Build.0 = Release|Any CPU
		{18C64649-EA22-4671-AC45-9012B2E2061C}.Debug|Any CPU.ActiveCfg = Debug|Any CPU
		{18C64649-EA22-4671-AC45-9012B2E2061C}.Debug|Any CPU.Build.0 = Debug|Any CPU
		{18C64649-EA22-4671-AC45-9012B2E2061C}.Release|Any CPU.ActiveCfg = Release|Any CPU
		{18C64649-EA22-4671-AC45-9012B2E2061C}.Release|Any CPU.Build.0 = Release|Any CPU
	EndGlobalSection
	GlobalSection(SolutionProperties) = preSolution
		HideSolutionNode = FALSE
	EndGlobalSection
	GlobalSection(ExtensibilityGlobals) = postSolution
		SolutionGuid = {C92FCF4B-FE96-43C1-9D69-B866707E0580}
	EndGlobalSection
EndGlobal
